
Microsoft Visual Studio Solution File, Format Version 12.00
# Visual Studio 14
VisualStudioVersion = 14.0.25420.1
MinimumVisualStudioVersion = 10.0.40219.1
Project("{8BC9CEB8-8B4A-11D0-8D11-00A0C91BC942}") = "IntroToOpenGL", "IntroToOpenGL\IntroToOpenGL.vcxproj", "{AB8D7A55-84F4-454F-8950-D1BF1A786585}"
EndProject
Project("{8BC9CEB8-8B4A-11D0-8D11-00A0C91BC942}") = "RenderingGeometry", "RenderingGeometry\RenderingGeometry.vcxproj", "{768CE8A0-1D98-4D64-91C2-8653A34D2CD1}"
EndProject
Project("{8BC9CEB8-8B4A-11D0-8D11-00A0C91BC942}") = "bootstrap", "bootstrap\bootstrap.vcxproj", "{C8110A17-4B14-4547-A76C-EDFF1F9E6A66}"
EndProject
Project("{8BC9CEB8-8B4A-11D0-8D11-00A0C91BC942}") = "CameraAndProjection", "CameraAndProjection\CameraAndProjection.vcxproj", "{D758EE9A-723C-47A4-A1C3-EB7635B067FB}"
EndProject
Global
	GlobalSection(SolutionConfigurationPlatforms) = preSolution
		Debug|x64 = Debug|x64
		Debug|x86 = Debug|x86
		Release|x64 = Release|x64
		Release|x86 = Release|x86
	EndGlobalSection
	GlobalSection(ProjectConfigurationPlatforms) = postSolution
		{AB8D7A55-84F4-454F-8950-D1BF1A786585}.Debug|x64.ActiveCfg = Debug|x64
		{AB8D7A55-84F4-454F-8950-D1BF1A786585}.Debug|x64.Build.0 = Debug|x64
		{AB8D7A55-84F4-454F-8950-D1BF1A786585}.Debug|x86.ActiveCfg = Debug|Win32
		{AB8D7A55-84F4-454F-8950-D1BF1A786585}.Debug|x86.Build.0 = Debug|Win32
		{AB8D7A55-84F4-454F-8950-D1BF1A786585}.Release|x64.ActiveCfg = Release|x64
		{AB8D7A55-84F4-454F-8950-D1BF1A786585}.Release|x64.Build.0 = Release|x64
		{AB8D7A55-84F4-454F-8950-D1BF1A786585}.Release|x86.ActiveCfg = Release|Win32
		{AB8D7A55-84F4-454F-8950-D1BF1A786585}.Release|x86.Build.0 = Release|Win32
		{768CE8A0-1D98-4D64-91C2-8653A34D2CD1}.Debug|x64.ActiveCfg = Debug|x64
		{768CE8A0-1D98-4D64-91C2-8653A34D2CD1}.Debug|x64.Build.0 = Debug|x64
		{768CE8A0-1D98-4D64-91C2-8653A34D2CD1}.Debug|x86.ActiveCfg = Debug|Win32
		{768CE8A0-1D98-4D64-91C2-8653A34D2CD1}.Debug|x86.Build.0 = Debug|Win32
		{768CE8A0-1D98-4D64-91C2-8653A34D2CD1}.Release|x64.ActiveCfg = Release|x64
		{768CE8A0-1D98-4D64-91C2-8653A34D2CD1}.Release|x64.Build.0 = Release|x64
		{768CE8A0-1D98-4D64-91C2-8653A34D2CD1}.Release|x86.ActiveCfg = Release|Win32
		{768CE8A0-1D98-4D64-91C2-8653A34D2CD1}.Release|x86.Build.0 = Release|Win32
		{C8110A17-4B14-4547-A76C-EDFF1F9E6A66}.Debug|x64.ActiveCfg = Debug|x64
		{C8110A17-4B14-4547-A76C-EDFF1F9E6A66}.Debug|x64.Build.0 = Debug|x64
		{C8110A17-4B14-4547-A76C-EDFF1F9E6A66}.Debug|x86.ActiveCfg = Debug|Win32
		{C8110A17-4B14-4547-A76C-EDFF1F9E6A66}.Debug|x86.Build.0 = Debug|Win32
		{C8110A17-4B14-4547-A76C-EDFF1F9E6A66}.Release|x64.ActiveCfg = Release|x64
		{C8110A17-4B14-4547-A76C-EDFF1F9E6A66}.Release|x64.Build.0 = Release|x64
		{C8110A17-4B14-4547-A76C-EDFF1F9E6A66}.Release|x86.ActiveCfg = Release|Win32
		{C8110A17-4B14-4547-A76C-EDFF1F9E6A66}.Release|x86.Build.0 = Release|Win32
		{D758EE9A-723C-47A4-A1C3-EB7635B067FB}.Debug|x64.ActiveCfg = Debug|x64
		{D758EE9A-723C-47A4-A1C3-EB7635B067FB}.Debug|x64.Build.0 = Debug|x64
		{D758EE9A-723C-47A4-A1C3-EB7635B067FB}.Debug|x86.ActiveCfg = Debug|Win32
		{D758EE9A-723C-47A4-A1C3-EB7635B067FB}.Debug|x86.Build.0 = Debug|Win32
		{D758EE9A-723C-47A4-A1C3-EB7635B067FB}.Release|x64.ActiveCfg = Release|x64
		{D758EE9A-723C-47A4-A1C3-EB7635B067FB}.Release|x64.Build.0 = Release|x64
		{D758EE9A-723C-47A4-A1C3-EB7635B067FB}.Release|x86.ActiveCfg = Release|Win32
		{D758EE9A-723C-47A4-A1C3-EB7635B067FB}.Release|x86.Build.0 = Release|Win32
	EndGlobalSection
	GlobalSection(SolutionProperties) = preSolution
		HideSolutionNode = FALSE
	EndGlobalSection
EndGlobal
